
Microsoft Visual Studio Solution File, Format Version 12.00
# Visual Studio 2013
VisualStudioVersion = 12.0.30723.0
MinimumVisualStudioVersion = 10.0.40219.1
Project("{FAE04EC0-301F-11D3-BF4B-00C04F79EFBC}") = "Funz.UnitTest", "test\Funz.UnitTest\Funz.UnitTest.csproj", "{EF409562-FADE-4970-9625-451DC829F521}"
EndProject
Project("{FAE04EC0-301F-11D3-BF4B-00C04F79EFBC}") = "Funz", "src\Funz\Funz.csproj", "{DE1A3FDD-8FA1-4585-AE70-6A514C23BF76}"
EndProject
Project("{2150E333-8FDC-42A3-9474-1A3956D46DE8}") = ".nuget", ".nuget", "{E0082209-48E5-4F39-9228-B5A9DDBE9D17}"
	ProjectSection(SolutionItems) = preProject
		.nuget\packages.config = .nuget\packages.config
	EndProjectSection
EndProject
Project("{2150E333-8FDC-42A3-9474-1A3956D46DE8}") = "Build", "Build", "{7172F02D-1123-442F-B3DA-5DD8E8860440}"
	ProjectSection(SolutionItems) = preProject
		build\Build.proj = build\Build.proj
	EndProjectSection
EndProject
Global
	GlobalSection(SolutionConfigurationPlatforms) = preSolution
		Debug|Any CPU = Debug|Any CPU
		Release|Any CPU = Release|Any CPU
	EndGlobalSection
	GlobalSection(ProjectConfigurationPlatforms) = postSolution
		{EF409562-FADE-4970-9625-451DC829F521}.Debug|Any CPU.ActiveCfg = Debug|Any CPU
		{EF409562-FADE-4970-9625-451DC829F521}.Debug|Any CPU.Build.0 = Debug|Any CPU
		{EF409562-FADE-4970-9625-451DC829F521}.Release|Any CPU.ActiveCfg = Release|Any CPU
		{EF409562-FADE-4970-9625-451DC829F521}.Release|Any CPU.Build.0 = Release|Any CPU
		{DE1A3FDD-8FA1-4585-AE70-6A514C23BF76}.Debug|Any CPU.ActiveCfg = Debug|Any CPU
		{DE1A3FDD-8FA1-4585-AE70-6A514C23BF76}.Debug|Any CPU.Build.0 = Debug|Any CPU
		{DE1A3FDD-8FA1-4585-AE70-6A514C23BF76}.Release|Any CPU.ActiveCfg = Release|Any CPU
		{DE1A3FDD-8FA1-4585-AE70-6A514C23BF76}.Release|Any CPU.Build.0 = Release|Any CPU
	EndGlobalSection
	GlobalSection(SolutionProperties) = preSolution
		HideSolutionNode = FALSE
	EndGlobalSection
EndGlobal
